// !$*UTF8*$!
{
	archiveVersion = 1;
	classes = {
	};
	objectVersion = 56;
	objects = {

/* Begin PBXBuildFile section */
		2B8BBCE92C89F2E2008139DF /* app522App.swift in Sources */ = {isa = PBXBuildFile; fileRef = 2B8BBCE82C89F2E2008139DF /* app522App.swift */; };
		2B8BBCEB2C89F2E2008139DF /* ContentView.swift in Sources */ = {isa = PBXBuildFile; fileRef = 2B8BBCEA2C89F2E2008139DF /* ContentView.swift */; };
		2B8BBCED2C89F2E3008139DF /* Assets.xcassets in Resources */ = {isa = PBXBuildFile; fileRef = 2B8BBCEC2C89F2E3008139DF /* Assets.xcassets */; };
		2B8BBCF02C89F2E3008139DF /* Preview Assets.xcassets in Resources */ = {isa = PBXBuildFile; fileRef = 2B8BBCEF2C89F2E3008139DF /* Preview Assets.xcassets */; };
		2B8BBCF82C89F34E008139DF /* LoaderUIView.swift in Sources */ = {isa = PBXBuildFile; fileRef = 2B8BBCF72C89F34E008139DF /* LoaderUIView.swift */; };
		2B8BBCFE2C89F624008139DF /* ReOnboardingUIView.swift in Sources */ = {isa = PBXBuildFile; fileRef = 2B8BBCFD2C89F624008139DF /* ReOnboardingUIView.swift */; };
		2B8BBD002C89FCCA008139DF /* UsOnboardingUIView.swift in Sources */ = {isa = PBXBuildFile; fileRef = 2B8BBCFF2C89FCCA008139DF /* UsOnboardingUIView.swift */; };
		2B8BBD032C8AE9DE008139DF /* TabUIView.swift in Sources */ = {isa = PBXBuildFile; fileRef = 2B8BBD022C8AE9DE008139DF /* TabUIView.swift */; };
		2B8BBD062C8AEDAB008139DF /* BudgetUIView.swift in Sources */ = {isa = PBXBuildFile; fileRef = 2B8BBD052C8AEDAB008139DF /* BudgetUIView.swift */; };
		2B8BBD082C8AFB74008139DF /* CurrencyUIView.swift in Sources */ = {isa = PBXBuildFile; fileRef = 2B8BBD072C8AFB74008139DF /* CurrencyUIView.swift */; };
		2B8BBD0D2C8AFE5C008139DF /* BudgetViewModel.swift in Sources */ = {isa = PBXBuildFile; fileRef = 2B8BBD0C2C8AFE5C008139DF /* BudgetViewModel.swift */; };
		2B8BBD0F2C8B1FA3008139DF /* Income.swift in Sources */ = {isa = PBXBuildFile; fileRef = 2B8BBD0E2C8B1FA3008139DF /* Income.swift */; };
		2B8BBD112C8B2129008139DF /* AddIncomeUIView.swift in Sources */ = {isa = PBXBuildFile; fileRef = 2B8BBD102C8B2129008139DF /* AddIncomeUIView.swift */; };
		2B8BBD132C8B3069008139DF /* CategoryUIView.swift in Sources */ = {isa = PBXBuildFile; fileRef = 2B8BBD122C8B3069008139DF /* CategoryUIView.swift */; };
		2B8BBD152C8B3424008139DF /* BudgetCellUIView.swift in Sources */ = {isa = PBXBuildFile; fileRef = 2B8BBD142C8B3424008139DF /* BudgetCellUIView.swift */; };
		2B8BBD572C8EE61D008139DF /* MonetizationViewModel.swift in Sources */ = {isa = PBXBuildFile; fileRef = 2B8BBD562C8EE61D008139DF /* MonetizationViewModel.swift */; };
		2B8BBD592C8EE628008139DF /* MonetizationUIView.swift in Sources */ = {isa = PBXBuildFile; fileRef = 2B8BBD582C8EE628008139DF /* MonetizationUIView.swift */; };
		2B8BBD5B2C8EF12A008139DF /* MonetizationCategoryUIView.swift in Sources */ = {isa = PBXBuildFile; fileRef = 2B8BBD5A2C8EF12A008139DF /* MonetizationCategoryUIView.swift */; };
		2B8BBD5D2C8EF486008139DF /* AddRecordUIView.swift in Sources */ = {isa = PBXBuildFile; fileRef = 2B8BBD5C2C8EF486008139DF /* AddRecordUIView.swift */; };
		2B8BBD5F2C8EFEFF008139DF /* NewBalanceUIView.swift in Sources */ = {isa = PBXBuildFile; fileRef = 2B8BBD5E2C8EFEFF008139DF /* NewBalanceUIView.swift */; };
		2B8BBD642C8F1217008139DF /* SettingsUIView.swift in Sources */ = {isa = PBXBuildFile; fileRef = 2B8BBD632C8F1217008139DF /* SettingsUIView.swift */; };
		2B8BBD662C8F136B008139DF /* SettingsViewModel.swift in Sources */ = {isa = PBXBuildFile; fileRef = 2B8BBD652C8F136B008139DF /* SettingsViewModel.swift */; };
/* End PBXBuildFile section */

/* Begin PBXFileReference section */
		2B8BBCE52C89F2E2008139DF /* app522.app */ = {isa = PBXFileReference; explicitFileType = wrapper.application; includeInIndex = 0; path = app522.app; sourceTree = BUILT_PRODUCTS_DIR; };
		2B8BBCE82C89F2E2008139DF /* app522App.swift */ = {isa = PBXFileReference; lastKnownFileType = sourcecode.swift; path = app522App.swift; sourceTree = "<group>"; };
		2B8BBCEA2C89F2E2008139DF /* ContentView.swift */ = {isa = PBXFileReference; lastKnownFileType = sourcecode.swift; path = ContentView.swift; sourceTree = "<group>"; };
		2B8BBCEC2C89F2E3008139DF /* Assets.xcassets */ = {isa = PBXFileReference; lastKnownFileType = folder.assetcatalog; path = Assets.xcassets; sourceTree = "<group>"; };
		2B8BBCEF2C89F2E3008139DF /* Preview Assets.xcassets */ = {isa = PBXFileReference; lastKnownFileType = folder.assetcatalog; path = "Preview Assets.xcassets"; sourceTree = "<group>"; };
		2B8BBCF72C89F34E008139DF /* LoaderUIView.swift */ = {isa = PBXFileReference; lastKnownFileType = sourcecode.swift; path = LoaderUIView.swift; sourceTree = "<group>"; };
		2B8BBCFD2C89F624008139DF /* ReOnboardingUIView.swift */ = {isa = PBXFileReference; lastKnownFileType = sourcecode.swift; path = ReOnboardingUIView.swift; sourceTree = "<group>"; };
		2B8BBCFF2C89FCCA008139DF /* UsOnboardingUIView.swift */ = {isa = PBXFileReference; lastKnownFileType = sourcecode.swift; path = UsOnboardingUIView.swift; sourceTree = "<group>"; };
		2B8BBD022C8AE9DE008139DF /* TabUIView.swift */ = {isa = PBXFileReference; lastKnownFileType = sourcecode.swift; path = TabUIView.swift; sourceTree = "<group>"; };
		2B8BBD052C8AEDAB008139DF /* BudgetUIView.swift */ = {isa = PBXFileReference; lastKnownFileType = sourcecode.swift; path = BudgetUIView.swift; sourceTree = "<group>"; };
		2B8BBD072C8AFB74008139DF /* CurrencyUIView.swift */ = {isa = PBXFileReference; lastKnownFileType = sourcecode.swift; path = CurrencyUIView.swift; sourceTree = "<group>"; };
		2B8BBD0C2C8AFE5C008139DF /* BudgetViewModel.swift */ = {isa = PBXFileReference; lastKnownFileType = sourcecode.swift; path = BudgetViewModel.swift; sourceTree = "<group>"; };
		2B8BBD0E2C8B1FA3008139DF /* Income.swift */ = {isa = PBXFileReference; lastKnownFileType = sourcecode.swift; path = Income.swift; sourceTree = "<group>"; };
		2B8BBD102C8B2129008139DF /* AddIncomeUIView.swift */ = {isa = PBXFileReference; lastKnownFileType = sourcecode.swift; path = AddIncomeUIView.swift; sourceTree = "<group>"; };
		2B8BBD122C8B3069008139DF /* CategoryUIView.swift */ = {isa = PBXFileReference; lastKnownFileType = sourcecode.swift; path = CategoryUIView.swift; sourceTree = "<group>"; };
		2B8BBD142C8B3424008139DF /* BudgetCellUIView.swift */ = {isa = PBXFileReference; lastKnownFileType = sourcecode.swift; path = BudgetCellUIView.swift; sourceTree = "<group>"; };
		2B8BBD562C8EE61D008139DF /* MonetizationViewModel.swift */ = {isa = PBXFileReference; lastKnownFileType = sourcecode.swift; path = MonetizationViewModel.swift; sourceTree = "<group>"; };
		2B8BBD582C8EE628008139DF /* MonetizationUIView.swift */ = {isa = PBXFileReference; lastKnownFileType = sourcecode.swift; path = MonetizationUIView.swift; sourceTree = "<group>"; };
		2B8BBD5A2C8EF12A008139DF /* MonetizationCategoryUIView.swift */ = {isa = PBXFileReference; lastKnownFileType = sourcecode.swift; path = MonetizationCategoryUIView.swift; sourceTree = "<group>"; };
		2B8BBD5C2C8EF486008139DF /* AddRecordUIView.swift */ = {isa = PBXFileReference; lastKnownFileType = sourcecode.swift; path = AddRecordUIView.swift; sourceTree = "<group>"; };
		2B8BBD5E2C8EFEFF008139DF /* NewBalanceUIView.swift */ = {isa = PBXFileReference; lastKnownFileType = sourcecode.swift; path = NewBalanceUIView.swift; sourceTree = "<group>"; };
		2B8BBD632C8F1217008139DF /* SettingsUIView.swift */ = {isa = PBXFileReference; lastKnownFileType = sourcecode.swift; path = SettingsUIView.swift; sourceTree = "<group>"; };
		2B8BBD652C8F136B008139DF /* SettingsViewModel.swift */ = {isa = PBXFileReference; lastKnownFileType = sourcecode.swift; path = SettingsViewModel.swift; sourceTree = "<group>"; };
/* End PBXFileReference section */

/* Begin PBXFrameworksBuildPhase section */
		2B8BBCE22C89F2E2008139DF /* Frameworks */ = {
			isa = PBXFrameworksBuildPhase;
			buildActionMask = 2147483647;
			files = (
			);
			runOnlyForDeploymentPostprocessing = 0;
		};
/* End PBXFrameworksBuildPhase section */

/* Begin PBXGroup section */
		2B8BBCDC2C89F2E2008139DF = {
			isa = PBXGroup;
			children = (
				2B8BBCE72C89F2E2008139DF /* app522 */,
				2B8BBCE62C89F2E2008139DF /* Products */,
			);
			sourceTree = "<group>";
		};
		2B8BBCE62C89F2E2008139DF /* Products */ = {
			isa = PBXGroup;
			children = (
				2B8BBCE52C89F2E2008139DF /* app522.app */,
			);
			name = Products;
			sourceTree = "<group>";
		};
		2B8BBCE72C89F2E2008139DF /* app522 */ = {
			isa = PBXGroup;
			children = (
				2B8BBCFA2C89F5FD008139DF /* First */,
				2B8BBCF92C89F5F5008139DF /* Second */,
				2B8BBCF62C89F33C008139DF /* LoaderUIView */,
				2B8BBCE82C89F2E2008139DF /* app522App.swift */,
				2B8BBCEA2C89F2E2008139DF /* ContentView.swift */,
				2B8BBCEC2C89F2E3008139DF /* Assets.xcassets */,
				2B8BBCEE2C89F2E3008139DF /* Preview Content */,
			);
			path = app522;
			sourceTree = "<group>";
		};
		2B8BBCEE2C89F2E3008139DF /* Preview Content */ = {
			isa = PBXGroup;
			children = (
				2B8BBCEF2C89F2E3008139DF /* Preview Assets.xcassets */,
			);
			path = "Preview Content";
			sourceTree = "<group>";
		};
		2B8BBCF62C89F33C008139DF /* LoaderUIView */ = {
			isa = PBXGroup;
			children = (
				2B8BBCF72C89F34E008139DF /* LoaderUIView.swift */,
			);
			path = LoaderUIView;
			sourceTree = "<group>";
		};
		2B8BBCF92C89F5F5008139DF /* Second */ = {
			isa = PBXGroup;
			children = (
				2B8BBCFC2C89F609008139DF /* Onboarding */,
			);
			path = Second;
			sourceTree = "<group>";
		};
		2B8BBCFA2C89F5FD008139DF /* First */ = {
			isa = PBXGroup;
			children = (
				2B8BBD602C8F11F5008139DF /* Settings */,
				2B8BBD522C8EE5FD008139DF /* Monetization */,
				2B8BBD042C8AED97008139DF /* Budget */,
				2B8BBD012C8AE9CE008139DF /* TabView */,
				2B8BBCFB2C89F603008139DF /* Onboarding */,
			);
			path = First;
			sourceTree = "<group>";
		};
		2B8BBCFB2C89F603008139DF /* Onboarding */ = {
			isa = PBXGroup;
			children = (
				2B8BBCFD2C89F624008139DF /* ReOnboardingUIView.swift */,
			);
			path = Onboarding;
			sourceTree = "<group>";
		};
		2B8BBCFC2C89F609008139DF /* Onboarding */ = {
			isa = PBXGroup;
			children = (
				2B8BBCFF2C89FCCA008139DF /* UsOnboardingUIView.swift */,
			);
			path = Onboarding;
			sourceTree = "<group>";
		};
		2B8BBD012C8AE9CE008139DF /* TabView */ = {
			isa = PBXGroup;
			children = (
				2B8BBD022C8AE9DE008139DF /* TabUIView.swift */,
			);
			path = TabView;
			sourceTree = "<group>";
		};
		2B8BBD042C8AED97008139DF /* Budget */ = {
			isa = PBXGroup;
			children = (
				2B8BBD0B2C8AFE37008139DF /* Model */,
				2B8BBD0A2C8AFE33008139DF /* View */,
				2B8BBD092C8AFE29008139DF /* ViewModel */,
			);
			path = Budget;
			sourceTree = "<group>";
		};
		2B8BBD092C8AFE29008139DF /* ViewModel */ = {
			isa = PBXGroup;
			children = (
				2B8BBD0C2C8AFE5C008139DF /* BudgetViewModel.swift */,
			);
			path = ViewModel;
			sourceTree = "<group>";
		};
		2B8BBD0A2C8AFE33008139DF /* View */ = {
			isa = PBXGroup;
			children = (
				2B8BBD052C8AEDAB008139DF /* BudgetUIView.swift */,
				2B8BBD072C8AFB74008139DF /* CurrencyUIView.swift */,
				2B8BBD102C8B2129008139DF /* AddIncomeUIView.swift */,
				2B8BBD122C8B3069008139DF /* CategoryUIView.swift */,
				2B8BBD142C8B3424008139DF /* BudgetCellUIView.swift */,
			);
			path = View;
			sourceTree = "<group>";
		};
		2B8BBD0B2C8AFE37008139DF /* Model */ = {
			isa = PBXGroup;
			children = (
				2B8BBD0E2C8B1FA3008139DF /* Income.swift */,
			);
			path = Model;
			sourceTree = "<group>";
		};
		2B8BBD522C8EE5FD008139DF /* Monetization */ = {
			isa = PBXGroup;
			children = (
				2B8BBD552C8EE60E008139DF /* Model */,
				2B8BBD542C8EE60A008139DF /* View */,
				2B8BBD532C8EE603008139DF /* ViewModel */,
			);
			path = Monetization;
			sourceTree = "<group>";
		};
		2B8BBD532C8EE603008139DF /* ViewModel */ = {
			isa = PBXGroup;
			children = (
				2B8BBD562C8EE61D008139DF /* MonetizationViewModel.swift */,
			);
			path = ViewModel;
			sourceTree = "<group>";
		};
		2B8BBD542C8EE60A008139DF /* View */ = {
			isa = PBXGroup;
			children = (
				2B8BBD582C8EE628008139DF /* MonetizationUIView.swift */,
				2B8BBD5A2C8EF12A008139DF /* MonetizationCategoryUIView.swift */,
				2B8BBD5C2C8EF486008139DF /* AddRecordUIView.swift */,
				2B8BBD5E2C8EFEFF008139DF /* NewBalanceUIView.swift */,
			);
			path = View;
			sourceTree = "<group>";
		};
		2B8BBD552C8EE60E008139DF /* Model */ = {
			isa = PBXGroup;
			children = (
			);
			path = Model;
			sourceTree = "<group>";
		};
		2B8BBD602C8F11F5008139DF /* Settings */ = {
			isa = PBXGroup;
			children = (
				2B8BBD622C8F1207008139DF /* VIew */,
				2B8BBD612C8F1201008139DF /* ViewModel */,
			);
			path = Settings;
			sourceTree = "<group>";
		};
		2B8BBD612C8F1201008139DF /* ViewModel */ = {
			isa = PBXGroup;
			children = (
				2B8BBD652C8F136B008139DF /* SettingsViewModel.swift */,
			);
			path = ViewModel;
			sourceTree = "<group>";
		};
		2B8BBD622C8F1207008139DF /* VIew */ = {
			isa = PBXGroup;
			children = (
				2B8BBD632C8F1217008139DF /* SettingsUIView.swift */,
			);
			path = VIew;
			sourceTree = "<group>";
		};
/* End PBXGroup section */

/* Begin PBXNativeTarget section */
		2B8BBCE42C89F2E2008139DF /* app522 */ = {
			isa = PBXNativeTarget;
			buildConfigurationList = 2B8BBCF32C89F2E3008139DF /* Build configuration list for PBXNativeTarget "app522" */;
			buildPhases = (
				2B8BBCE12C89F2E2008139DF /* Sources */,
				2B8BBCE22C89F2E2008139DF /* Frameworks */,
				2B8BBCE32C89F2E2008139DF /* Resources */,
			);
			buildRules = (
			);
			dependencies = (
			);
			name = app522;
			productName = app522;
			productReference = 2B8BBCE52C89F2E2008139DF /* app522.app */;
			productType = "com.apple.product-type.application";
		};
/* End PBXNativeTarget section */

/* Begin PBXProject section */
		2B8BBCDD2C89F2E2008139DF /* Project object */ = {
			isa = PBXProject;
			attributes = {
				BuildIndependentTargetsInParallel = 1;
				LastSwiftUpdateCheck = 1520;
				LastUpgradeCheck = 1520;
				TargetAttributes = {
					2B8BBCE42C89F2E2008139DF = {
						CreatedOnToolsVersion = 15.2;
					};
				};
			};
			buildConfigurationList = 2B8BBCE02C89F2E2008139DF /* Build configuration list for PBXProject "app522" */;
			compatibilityVersion = "Xcode 14.0";
			developmentRegion = en;
			hasScannedForEncodings = 0;
			knownRegions = (
				en,
				Base,
			);
			mainGroup = 2B8BBCDC2C89F2E2008139DF;
			productRefGroup = 2B8BBCE62C89F2E2008139DF /* Products */;
			projectDirPath = "";
			projectRoot = "";
			targets = (
				2B8BBCE42C89F2E2008139DF /* app522 */,
			);
		};
/* End PBXProject section */

/* Begin PBXResourcesBuildPhase section */
		2B8BBCE32C89F2E2008139DF /* Resources */ = {
			isa = PBXResourcesBuildPhase;
			buildActionMask = 2147483647;
			files = (
				2B8BBCF02C89F2E3008139DF /* Preview Assets.xcassets in Resources */,
				2B8BBCED2C89F2E3008139DF /* Assets.xcassets in Resources */,
			);
			runOnlyForDeploymentPostprocessing = 0;
		};
/* End PBXResourcesBuildPhase section */

/* Begin PBXSourcesBuildPhase section */
		2B8BBCE12C89F2E2008139DF /* Sources */ = {
			isa = PBXSourcesBuildPhase;
			buildActionMask = 2147483647;
			files = (
				2B8BBCEB2C89F2E2008139DF /* ContentView.swift in Sources */,
				2B8BBD5D2C8EF486008139DF /* AddRecordUIView.swift in Sources */,
				2B8BBD112C8B2129008139DF /* AddIncomeUIView.swift in Sources */,
				2B8BBD132C8B3069008139DF /* CategoryUIView.swift in Sources */,
				2B8BBCE92C89F2E2008139DF /* app522App.swift in Sources */,
				2B8BBD032C8AE9DE008139DF /* TabUIView.swift in Sources */,
				2B8BBD082C8AFB74008139DF /* CurrencyUIView.swift in Sources */,
				2B8BBD5B2C8EF12A008139DF /* MonetizationCategoryUIView.swift in Sources */,
				2B8BBD592C8EE628008139DF /* MonetizationUIView.swift in Sources */,
				2B8BBD002C89FCCA008139DF /* UsOnboardingUIView.swift in Sources */,
				2B8BBD642C8F1217008139DF /* SettingsUIView.swift in Sources */,
				2B8BBD5F2C8EFEFF008139DF /* NewBalanceUIView.swift in Sources */,
				2B8BBD062C8AEDAB008139DF /* BudgetUIView.swift in Sources */,
				2B8BBD0D2C8AFE5C008139DF /* BudgetViewModel.swift in Sources */,
				2B8BBD152C8B3424008139DF /* BudgetCellUIView.swift in Sources */,
				2B8BBD662C8F136B008139DF /* SettingsViewModel.swift in Sources */,
				2B8BBCFE2C89F624008139DF /* ReOnboardingUIView.swift in Sources */,
				2B8BBD0F2C8B1FA3008139DF /* Income.swift in Sources */,
				2B8BBCF82C89F34E008139DF /* LoaderUIView.swift in Sources */,
				2B8BBD572C8EE61D008139DF /* MonetizationViewModel.swift in Sources */,
			);
			runOnlyForDeploymentPostprocessing = 0;
		};
/* End PBXSourcesBuildPhase section */

/* Begin XCBuildConfiguration section */
		2B8BBCF12C89F2E3008139DF /* Debug */ = {
			isa = XCBuildConfiguration;
			buildSettings = {
				ALWAYS_SEARCH_USER_PATHS = NO;
				ASSETCATALOG_COMPILER_GENERATE_SWIFT_ASSET_SYMBOL_EXTENSIONS = YES;
				CLANG_ANALYZER_NONNULL = YES;
				CLANG_ANALYZER_NUMBER_OBJECT_CONVERSION = YES_AGGRESSIVE;
				CLANG_CXX_LANGUAGE_STANDARD = "gnu++20";
				CLANG_ENABLE_MODULES = YES;
				CLANG_ENABLE_OBJC_ARC = YES;
				CLANG_ENABLE_OBJC_WEAK = YES;
				CLANG_WARN_BLOCK_CAPTURE_AUTORELEASING = YES;
				CLANG_WARN_BOOL_CONVERSION = YES;
				CLANG_WARN_COMMA = YES;
				CLANG_WARN_CONSTANT_CONVERSION = YES;
				CLANG_WARN_DEPRECATED_OBJC_IMPLEMENTATIONS = YES;
				CLANG_WARN_DIRECT_OBJC_ISA_USAGE = YES_ERROR;
				CLANG_WARN_DOCUMENTATION_COMMENTS = YES;
				CLANG_WARN_EMPTY_BODY = YES;
				CLANG_WARN_ENUM_CONVERSION = YES;
				CLANG_WARN_INFINITE_RECURSION = YES;
				CLANG_WARN_INT_CONVERSION = YES;
				CLANG_WARN_NON_LITERAL_NULL_CONVERSION = YES;
				CLANG_WARN_OBJC_IMPLICIT_RETAIN_SELF = YES;
				CLANG_WARN_OBJC_LITERAL_CONVERSION = YES;
				CLANG_WARN_OBJC_ROOT_CLASS = YES_ERROR;
				CLANG_WARN_QUOTED_INCLUDE_IN_FRAMEWORK_HEADER = YES;
				CLANG_WARN_RANGE_LOOP_ANALYSIS = YES;
				CLANG_WARN_STRICT_PROTOTYPES = YES;
				CLANG_WARN_SUSPICIOUS_MOVE = YES;
				CLANG_WARN_UNGUARDED_AVAILABILITY = YES_AGGRESSIVE;
				CLANG_WARN_UNREACHABLE_CODE = YES;
				CLANG_WARN__DUPLICATE_METHOD_MATCH = YES;
				COPY_PHASE_STRIP = NO;
				DEBUG_INFORMATION_FORMAT = dwarf;
				ENABLE_STRICT_OBJC_MSGSEND = YES;
				ENABLE_TESTABILITY = YES;
				ENABLE_USER_SCRIPT_SANDBOXING = YES;
				GCC_C_LANGUAGE_STANDARD = gnu17;
				GCC_DYNAMIC_NO_PIC = NO;
				GCC_NO_COMMON_BLOCKS = YES;
				GCC_OPTIMIZATION_LEVEL = 0;
				GCC_PREPROCESSOR_DEFINITIONS = (
					"DEBUG=1",
					"$(inherited)",
				);
				GCC_WARN_64_TO_32_BIT_CONVERSION = YES;
				GCC_WARN_ABOUT_RETURN_TYPE = YES_ERROR;
				GCC_WARN_UNDECLARED_SELECTOR = YES;
				GCC_WARN_UNINITIALIZED_AUTOS = YES_AGGRESSIVE;
				GCC_WARN_UNUSED_FUNCTION = YES;
				GCC_WARN_UNUSED_VARIABLE = YES;
				IPHONEOS_DEPLOYMENT_TARGET = 17.2;
				LOCALIZATION_PREFERS_STRING_CATALOGS = YES;
				MTL_ENABLE_DEBUG_INFO = INCLUDE_SOURCE;
				MTL_FAST_MATH = YES;
				ONLY_ACTIVE_ARCH = YES;
				SDKROOT = iphoneos;
				SWIFT_ACTIVE_COMPILATION_CONDITIONS = "DEBUG $(inherited)";
				SWIFT_OPTIMIZATION_LEVEL = "-Onone";
			};
			name = Debug;
		};
		2B8BBCF22C89F2E3008139DF /* Release */ = {
			isa = XCBuildConfiguration;
			buildSettings = {
				ALWAYS_SEARCH_USER_PATHS = NO;
				ASSETCATALOG_COMPILER_GENERATE_SWIFT_ASSET_SYMBOL_EXTENSIONS = YES;
				CLANG_ANALYZER_NONNULL = YES;
				CLANG_ANALYZER_NUMBER_OBJECT_CONVERSION = YES_AGGRESSIVE;
				CLANG_CXX_LANGUAGE_STANDARD = "gnu++20";
				CLANG_ENABLE_MODULES = YES;
				CLANG_ENABLE_OBJC_ARC = YES;
				CLANG_ENABLE_OBJC_WEAK = YES;
				CLANG_WARN_BLOCK_CAPTURE_AUTORELEASING = YES;
				CLANG_WARN_BOOL_CONVERSION = YES;
				CLANG_WARN_COMMA = YES;
				CLANG_WARN_CONSTANT_CONVERSION = YES;
				CLANG_WARN_DEPRECATED_OBJC_IMPLEMENTATIONS = YES;
				CLANG_WARN_DIRECT_OBJC_ISA_USAGE = YES_ERROR;
				CLANG_WARN_DOCUMENTATION_COMMENTS = YES;
				CLANG_WARN_EMPTY_BODY = YES;
				CLANG_WARN_ENUM_CONVERSION = YES;
				CLANG_WARN_INFINITE_RECURSION = YES;
				CLANG_WARN_INT_CONVERSION = YES;
				CLANG_WARN_NON_LITERAL_NULL_CONVERSION = YES;
				CLANG_WARN_OBJC_IMPLICIT_RETAIN_SELF = YES;
				CLANG_WARN_OBJC_LITERAL_CONVERSION = YES;
				CLANG_WARN_OBJC_ROOT_CLASS = YES_ERROR;
				CLANG_WARN_QUOTED_INCLUDE_IN_FRAMEWORK_HEADER = YES;
				CLANG_WARN_RANGE_LOOP_ANALYSIS = YES;
				CLANG_WARN_STRICT_PROTOTYPES = YES;
				CLANG_WARN_SUSPICIOUS_MOVE = YES;
				CLANG_WARN_UNGUARDED_AVAILABILITY = YES_AGGRESSIVE;
				CLANG_WARN_UNREACHABLE_CODE = YES;
				CLANG_WARN__DUPLICATE_METHOD_MATCH = YES;
				COPY_PHASE_STRIP = NO;
				DEBUG_INFORMATION_FORMAT = "dwarf-with-dsym";
				ENABLE_NS_ASSERTIONS = NO;
				ENABLE_STRICT_OBJC_MSGSEND = YES;
				ENABLE_USER_SCRIPT_SANDBOXING = YES;
				GCC_C_LANGUAGE_STANDARD = gnu17;
				GCC_NO_COMMON_BLOCKS = YES;
				GCC_WARN_64_TO_32_BIT_CONVERSION = YES;
				GCC_WARN_ABOUT_RETURN_TYPE = YES_ERROR;
				GCC_WARN_UNDECLARED_SELECTOR = YES;
				GCC_WARN_UNINITIALIZED_AUTOS = YES_AGGRESSIVE;
				GCC_WARN_UNUSED_FUNCTION = YES;
				GCC_WARN_UNUSED_VARIABLE = YES;
				IPHONEOS_DEPLOYMENT_TARGET = 17.2;
				LOCALIZATION_PREFERS_STRING_CATALOGS = YES;
				MTL_ENABLE_DEBUG_INFO = NO;
				MTL_FAST_MATH = YES;
				SDKROOT = iphoneos;
				SWIFT_COMPILATION_MODE = wholemodule;
				VALIDATE_PRODUCT = YES;
			};
			name = Release;
		};
		2B8BBCF42C89F2E3008139DF /* Debug */ = {
			isa = XCBuildConfiguration;
			buildSettings = {
				ASSETCATALOG_COMPILER_APPICON_NAME = AppIcon;
				ASSETCATALOG_COMPILER_GLOBAL_ACCENT_COLOR_NAME = AccentColor;
				CODE_SIGN_STYLE = Automatic;
				CURRENT_PROJECT_VERSION = 1;
				DEVELOPMENT_ASSET_PATHS = "\"app522/Preview Content\"";
				ENABLE_PREVIEWS = YES;
				GENERATE_INFOPLIST_FILE = YES;
				INFOPLIST_KEY_UIApplicationSceneManifest_Generation = YES;
				INFOPLIST_KEY_UIApplicationSupportsIndirectInputEvents = YES;
				INFOPLIST_KEY_UILaunchScreen_Generation = YES;
				INFOPLIST_KEY_UISupportedInterfaceOrientations = UIInterfaceOrientationPortrait;
				INFOPLIST_KEY_UISupportedInterfaceOrientations_iPad = "UIInterfaceOrientationLandscapeLeft UIInterfaceOrientationLandscapeRight UIInterfaceOrientationPortrait UIInterfaceOrientationPortraitUpsideDown";
				IPHONEOS_DEPLOYMENT_TARGET = 14.0;
				LD_RUNPATH_SEARCH_PATHS = (
					"$(inherited)",
					"@executable_path/Frameworks",
				);
				MARKETING_VERSION = 1.0;
				PRODUCT_BUNDLE_IDENTIFIER = adm.app522;
				PRODUCT_NAME = "$(TARGET_NAME)";
				SUPPORTED_PLATFORMS = "iphoneos iphonesimulator";
				SUPPORTS_MACCATALYST = NO;
				SUPPORTS_MAC_DESIGNED_FOR_IPHONE_IPAD = NO;
				SUPPORTS_XR_DESIGNED_FOR_IPHONE_IPAD = NO;
				SWIFT_EMIT_LOC_STRINGS = YES;
				SWIFT_VERSION = 5.0;
				TARGETED_DEVICE_FAMILY = 1;
			};
			name = Debug;
		};
		2B8BBCF52C89F2E3008139DF /* Release */ = {
			isa = XCBuildConfiguration;
			buildSettings = {
				ASSETCATALOG_COMPILER_APPICON_NAME = AppIcon;
				ASSETCATALOG_COMPILER_GLOBAL_ACCENT_COLOR_NAME = AccentColor;
				CODE_SIGN_STYLE = Automatic;
				CURRENT_PROJECT_VERSION = 1;
				DEVELOPMENT_ASSET_PATHS = "\"app522/Preview Content\"";
				ENABLE_PREVIEWS = YES;
				GENERATE_INFOPLIST_FILE = YES;
				INFOPLIST_KEY_UIApplicationSceneManifest_Generation = YES;
				INFOPLIST_KEY_UIApplicationSupportsIndirectInputEvents = YES;
				INFOPLIST_KEY_UILaunchScreen_Generation = YES;
				INFOPLIST_KEY_UISupportedInterfaceOrientations = UIInterfaceOrientationPortrait;
				INFOPLIST_KEY_UISupportedInterfaceOrientations_iPad = "UIInterfaceOrientationLandscapeLeft UIInterfaceOrientationLandscapeRight UIInterfaceOrientationPortrait UIInterfaceOrientationPortraitUpsideDown";
				IPHONEOS_DEPLOYMENT_TARGET = 14.0;
				LD_RUNPATH_SEARCH_PATHS = (
					"$(inherited)",
					"@executable_path/Frameworks",
				);
				MARKETING_VERSION = 1.0;
				PRODUCT_BUNDLE_IDENTIFIER = adm.app522;
				PRODUCT_NAME = "$(TARGET_NAME)";
				SUPPORTED_PLATFORMS = "iphoneos iphonesimulator";
				SUPPORTS_MACCATALYST = NO;
				SUPPORTS_MAC_DESIGNED_FOR_IPHONE_IPAD = NO;
				SUPPORTS_XR_DESIGNED_FOR_IPHONE_IPAD = NO;
				SWIFT_EMIT_LOC_STRINGS = YES;
				SWIFT_VERSION = 5.0;
				TARGETED_DEVICE_FAMILY = 1;
			};
			name = Release;
		};
/* End XCBuildConfiguration section */

/* Begin XCConfigurationList section */
		2B8BBCE02C89F2E2008139DF /* Build configuration list for PBXProject "app522" */ = {
			isa = XCConfigurationList;
			buildConfigurations = (
				2B8BBCF12C89F2E3008139DF /* Debug */,
				2B8BBCF22C89F2E3008139DF /* Release */,
			);
			defaultConfigurationIsVisible = 0;
			defaultConfigurationName = Release;
		};
		2B8BBCF32C89F2E3008139DF /* Build configuration list for PBXNativeTarget "app522" */ = {
			isa = XCConfigurationList;
			buildConfigurations = (
				2B8BBCF42C89F2E3008139DF /* Debug */,
				2B8BBCF52C89F2E3008139DF /* Release */,
			);
			defaultConfigurationIsVisible = 0;
			defaultConfigurationName = Release;
		};
/* End XCConfigurationList section */
	};
	rootObject = 2B8BBCDD2C89F2E2008139DF /* Project object */;
}
